
Microsoft Visual Studio Solution File, Format Version 12.00
# Visual Studio 15
VisualStudioVersion = 15.0.27130.2036
MinimumVisualStudioVersion = 10.0.40219.1
Project("{9A19103F-16F7-4668-BE54-9A1E7A4F7556}") = "ByteDev.Cmd", "ByteDev.Cmd\ByteDev.Cmd.csproj", "{4B52A280-A362-4563-B25F-BD4939F19AF5}"
EndProject
Project("{FAE04EC0-301F-11D3-BF4B-00C04F79EFBC}") = "ByteDev.Cmd.TestApp", "ByteDev.Cmd.TestApp\ByteDev.Cmd.TestApp.csproj", "{5C353CA1-220C-45E7-A6A6-F7683E48A518}"
EndProject
Project("{2150E333-8FDC-42A3-9474-1A3956D46DE8}") = "Tests", "Tests", "{D9D9FED6-FB05-465C-B1D9-6AF160DB8D1A}"
EndProject
Project("{2150E333-8FDC-42A3-9474-1A3956D46DE8}") = "Docs", "Docs", "{F7FC354E-775C-4655-AF1A-2F61B4BD8AD6}"
	ProjectSection(SolutionItems) = preProject
		..\README.md = ..\README.md
		..\RELEASE-NOTES.md = ..\RELEASE-NOTES.md
	EndProjectSection
EndProject
Project("{2150E333-8FDC-42A3-9474-1A3956D46DE8}") = "Build", "Build", "{CEA99A6B-4C15-40B6-8988-0A92139AC6F2}"
	ProjectSection(SolutionItems) = preProject
		..\build\build.cake = ..\build\build.cake
		ByteDev.Cmd.nuspec = ByteDev.Cmd.nuspec
		..\build\ByteDev.Utilities.cake = ..\build\ByteDev.Utilities.cake
	EndProjectSection
EndProject
Project("{9A19103F-16F7-4668-BE54-9A1E7A4F7556}") = "ByteDev.Cmd.UnitTests", "ByteDev.Cmd.UnitTests\ByteDev.Cmd.UnitTests.csproj", "{EB3F4EB2-C1BB-436D-9298-48578F385368}"
EndProject
Project("{2150E333-8FDC-42A3-9474-1A3956D46DE8}") = "TestApp", "TestApp", "{6FABCE0F-8AB7-4C86-8326-530AFE89C7CF}"
EndProject
Global
	GlobalSection(SolutionConfigurationPlatforms) = preSolution
		Debug|Any CPU = Debug|Any CPU
		Release|Any CPU = Release|Any CPU
	EndGlobalSection
	GlobalSection(ProjectConfigurationPlatforms) = postSolution
		{4B52A280-A362-4563-B25F-BD4939F19AF5}.Debug|Any CPU.ActiveCfg = Debug|Any CPU
		{4B52A280-A362-4563-B25F-BD4939F19AF5}.Debug|Any CPU.Build.0 = Debug|Any CPU
		{4B52A280-A362-4563-B25F-BD4939F19AF5}.Release|Any CPU.ActiveCfg = Release|Any CPU
		{4B52A280-A362-4563-B25F-BD4939F19AF5}.Release|Any CPU.Build.0 = Release|Any CPU
		{5C353CA1-220C-45E7-A6A6-F7683E48A518}.Debug|Any CPU.ActiveCfg = Debug|Any CPU
		{5C353CA1-220C-45E7-A6A6-F7683E48A518}.Debug|Any CPU.Build.0 = Debug|Any CPU
		{5C353CA1-220C-45E7-A6A6-F7683E48A518}.Release|Any CPU.ActiveCfg = Release|Any CPU
		{5C353CA1-220C-45E7-A6A6-F7683E48A518}.Release|Any CPU.Build.0 = Release|Any CPU
		{EB3F4EB2-C1BB-436D-9298-48578F385368}.Debug|Any CPU.ActiveCfg = Debug|Any CPU
		{EB3F4EB2-C1BB-436D-9298-48578F385368}.Debug|Any CPU.Build.0 = Debug|Any CPU
		{EB3F4EB2-C1BB-436D-9298-48578F385368}.Release|Any CPU.ActiveCfg = Release|Any CPU
		{EB3F4EB2-C1BB-436D-9298-48578F385368}.Release|Any CPU.Build.0 = Release|Any CPU
	EndGlobalSection
	GlobalSection(SolutionProperties) = preSolution
		HideSolutionNode = FALSE
	EndGlobalSection
	GlobalSection(NestedProjects) = preSolution
		{5C353CA1-220C-45E7-A6A6-F7683E48A518} = {6FABCE0F-8AB7-4C86-8326-530AFE89C7CF}
		{EB3F4EB2-C1BB-436D-9298-48578F385368} = {D9D9FED6-FB05-465C-B1D9-6AF160DB8D1A}
	EndGlobalSection
	GlobalSection(ExtensibilityGlobals) = postSolution
		SolutionGuid = {9B888C9D-88EE-4821-9195-63CBBEEB4A1F}
	EndGlobalSection
EndGlobal
